
Microsoft Visual Studio Solution File, Format Version 12.00
# Visual Studio Version 17
VisualStudioVersion = 17.7.34031.279
MinimumVisualStudioVersion = 10.0.40219.1
Project("{8BC9CEB8-8B4A-11D0-8D11-00A0C91BC942}") = "finding area of square , rectangle,& circle", "finding area of square , rectangle,& circle\finding area of square , rectangle,& circle.vcxproj", "{E326488A-BE59-4BDC-8B74-0F45A76BE055}"
EndProject
Global
	GlobalSection(SolutionConfigurationPlatforms) = preSolution
		Debug|x64 = Debug|x64
		Debug|x86 = Debug|x86
		Release|x64 = Release|x64
		Release|x86 = Release|x86
	EndGlobalSection
	GlobalSection(ProjectConfigurationPlatforms) = postSolution
		{E326488A-BE59-4BDC-8B74-0F45A76BE055}.Debug|x64.ActiveCfg = Debug|x64
		{E326488A-BE59-4BDC-8B74-0F45A76BE055}.Debug|x64.Build.0 = Debug|x64
		{E326488A-BE59-4BDC-8B74-0F45A76BE055}.Debug|x86.ActiveCfg = Debug|Win32
		{E326488A-BE59-4BDC-8B74-0F45A76BE055}.Debug|x86.Build.0 = Debug|Win32
		{E326488A-BE59-4BDC-8B74-0F45A76BE055}.Release|x64.ActiveCfg = Release|x64
		{E326488A-BE59-4BDC-8B74-0F45A76BE055}.Release|x64.Build.0 = Release|x64
		{E326488A-BE59-4BDC-8B74-0F45A76BE055}.Release|x86.ActiveCfg = Release|Win32
		{E326488A-BE59-4BDC-8B74-0F45A76BE055}.Release|x86.Build.0 = Release|Win32
	EndGlobalSection
	GlobalSection(SolutionProperties) = preSolution
		HideSolutionNode = FALSE
	EndGlobalSection
	GlobalSection(ExtensibilityGlobals) = postSolution
		SolutionGuid = {576C0F62-44C5-4FBB-84F6-59811BC86CE0}
	EndGlobalSection
EndGlobal
